// !$*UTF8*$!
{
	archiveVersion = 1;
	classes = {
	};
	objectVersion = 56;
	objects = {

/* Begin PBXBuildFile section */
		DB4EF8252C8C0A4200E3E6BA /* ImageProcessing.swift in Sources */ = {isa = PBXBuildFile; fileRef = DB4EF8242C8C0A4200E3E6BA /* ImageProcessing.swift */; };
		DB4EF8292C8C0E5500E3E6BA /* ClipboardItem.swift in Sources */ = {isa = PBXBuildFile; fileRef = DB4EF8282C8C0E5500E3E6BA /* ClipboardItem.swift */; };
		DB4EF82B2C8C0E6900E3E6BA /* ClipboardItemView.swift in Sources */ = {isa = PBXBuildFile; fileRef = DB4EF82A2C8C0E6900E3E6BA /* ClipboardItemView.swift */; };
		DB4EF82E2C8C163F00E3E6BA /* HotKey in Frameworks */ = {isa = PBXBuildFile; productRef = DB4EF82D2C8C163F00E3E6BA /* HotKey */; };
		DB4EF8302C8C185500E3E6BA /* HotKeyManager.swift in Sources */ = {isa = PBXBuildFile; fileRef = DB4EF82F2C8C185500E3E6BA /* HotKeyManager.swift */; };
		DB6BA3272C8A938B007EC50B /* settingsView.swift in Sources */ = {isa = PBXBuildFile; fileRef = DB6BA3262C8A938B007EC50B /* settingsView.swift */; };
		DB928DE82C8A8E3E0064A5BF /* ClipApp.swift in Sources */ = {isa = PBXBuildFile; fileRef = DB928DE72C8A8E3E0064A5BF /* ClipApp.swift */; };
		DB928DEA2C8A8E3E0064A5BF /* ContentView.swift in Sources */ = {isa = PBXBuildFile; fileRef = DB928DE92C8A8E3E0064A5BF /* ContentView.swift */; };
		DB928DEC2C8A8E3E0064A5BF /* Item.swift in Sources */ = {isa = PBXBuildFile; fileRef = DB928DEB2C8A8E3E0064A5BF /* Item.swift */; };
		DB928DEE2C8A8E400064A5BF /* Assets.xcassets in Resources */ = {isa = PBXBuildFile; fileRef = DB928DED2C8A8E400064A5BF /* Assets.xcassets */; };
		DB928DF12C8A8E400064A5BF /* Preview Assets.xcassets in Resources */ = {isa = PBXBuildFile; fileRef = DB928DF02C8A8E400064A5BF /* Preview Assets.xcassets */; };
/* End PBXBuildFile section */

/* Begin PBXFileReference section */
		DB4EF8242C8C0A4200E3E6BA /* ImageProcessing.swift */ = {isa = PBXFileReference; lastKnownFileType = sourcecode.swift; path = ImageProcessing.swift; sourceTree = "<group>"; };
		DB4EF8282C8C0E5500E3E6BA /* ClipboardItem.swift */ = {isa = PBXFileReference; lastKnownFileType = sourcecode.swift; path = ClipboardItem.swift; sourceTree = "<group>"; };
		DB4EF82A2C8C0E6900E3E6BA /* ClipboardItemView.swift */ = {isa = PBXFileReference; lastKnownFileType = sourcecode.swift; path = ClipboardItemView.swift; sourceTree = "<group>"; };
		DB4EF82F2C8C185500E3E6BA /* HotKeyManager.swift */ = {isa = PBXFileReference; lastKnownFileType = sourcecode.swift; path = HotKeyManager.swift; sourceTree = "<group>"; };
		DB6BA3262C8A938B007EC50B /* settingsView.swift */ = {isa = PBXFileReference; lastKnownFileType = sourcecode.swift; path = settingsView.swift; sourceTree = "<group>"; };
		DB928DE42C8A8E3E0064A5BF /* Clip.app */ = {isa = PBXFileReference; explicitFileType = wrapper.application; includeInIndex = 0; path = Clip.app; sourceTree = BUILT_PRODUCTS_DIR; };
		DB928DE72C8A8E3E0064A5BF /* ClipApp.swift */ = {isa = PBXFileReference; lastKnownFileType = sourcecode.swift; path = ClipApp.swift; sourceTree = "<group>"; };
		DB928DE92C8A8E3E0064A5BF /* ContentView.swift */ = {isa = PBXFileReference; lastKnownFileType = sourcecode.swift; path = ContentView.swift; sourceTree = "<group>"; };
		DB928DEB2C8A8E3E0064A5BF /* Item.swift */ = {isa = PBXFileReference; lastKnownFileType = sourcecode.swift; path = Item.swift; sourceTree = "<group>"; };
		DB928DED2C8A8E400064A5BF /* Assets.xcassets */ = {isa = PBXFileReference; lastKnownFileType = folder.assetcatalog; path = Assets.xcassets; sourceTree = "<group>"; };
		DB928DF02C8A8E400064A5BF /* Preview Assets.xcassets */ = {isa = PBXFileReference; lastKnownFileType = folder.assetcatalog; path = "Preview Assets.xcassets"; sourceTree = "<group>"; };
		DB928DF22C8A8E400064A5BF /* Clip.entitlements */ = {isa = PBXFileReference; lastKnownFileType = text.plist.entitlements; path = Clip.entitlements; sourceTree = "<group>"; };
/* End PBXFileReference section */

/* Begin PBXFrameworksBuildPhase section */
		DB928DE12C8A8E3E0064A5BF /* Frameworks */ = {
			isa = PBXFrameworksBuildPhase;
			buildActionMask = 2147483647;
			files = (
				DB4EF82E2C8C163F00E3E6BA /* HotKey in Frameworks */,
			);
			runOnlyForDeploymentPostprocessing = 0;
		};
/* End PBXFrameworksBuildPhase section */

/* Begin PBXGroup section */
		DB928DDB2C8A8E3E0064A5BF = {
			isa = PBXGroup;
			children = (
				DB928DE62C8A8E3E0064A5BF /* Clip */,
				DB928DE52C8A8E3E0064A5BF /* Products */,
			);
			sourceTree = "<group>";
		};
		DB928DE52C8A8E3E0064A5BF /* Products */ = {
			isa = PBXGroup;
			children = (
				DB928DE42C8A8E3E0064A5BF /* Clip.app */,
			);
			name = Products;
			sourceTree = "<group>";
		};
		DB928DE62C8A8E3E0064A5BF /* Clip */ = {
			isa = PBXGroup;
			children = (
				DB928DE72C8A8E3E0064A5BF /* ClipApp.swift */,
				DB4EF8242C8C0A4200E3E6BA /* ImageProcessing.swift */,
				DB928DE92C8A8E3E0064A5BF /* ContentView.swift */,
				DB928DEB2C8A8E3E0064A5BF /* Item.swift */,
				DB928DED2C8A8E400064A5BF /* Assets.xcassets */,
				DB928DF22C8A8E400064A5BF /* Clip.entitlements */,
				DB928DEF2C8A8E400064A5BF /* Preview Content */,
				DB6BA3262C8A938B007EC50B /* settingsView.swift */,
				DB4EF8282C8C0E5500E3E6BA /* ClipboardItem.swift */,
				DB4EF82A2C8C0E6900E3E6BA /* ClipboardItemView.swift */,
				DB4EF82F2C8C185500E3E6BA /* HotKeyManager.swift */,
			);
			path = Clip;
			sourceTree = "<group>";
		};
		DB928DEF2C8A8E400064A5BF /* Preview Content */ = {
			isa = PBXGroup;
			children = (
				DB928DF02C8A8E400064A5BF /* Preview Assets.xcassets */,
			);
			path = "Preview Content";
			sourceTree = "<group>";
		};
/* End PBXGroup section */

/* Begin PBXNativeTarget section */
		DB928DE32C8A8E3E0064A5BF /* Clip */ = {
			isa = PBXNativeTarget;
			buildConfigurationList = DB928E0B2C8A8E400064A5BF /* Build configuration list for PBXNativeTarget "Clip" */;
			buildPhases = (
				DB928DE02C8A8E3E0064A5BF /* Sources */,
				DB928DE12C8A8E3E0064A5BF /* Frameworks */,
				DB928DE22C8A8E3E0064A5BF /* Resources */,
			);
			buildRules = (
			);
			dependencies = (
			);
			name = Clip;
			packageProductDependencies = (
				DB4EF82D2C8C163F00E3E6BA /* HotKey */,
			);
			productName = Clip;
			productReference = DB928DE42C8A8E3E0064A5BF /* Clip.app */;
			productType = "com.apple.product-type.application";
		};
/* End PBXNativeTarget section */

/* Begin PBXProject section */
		DB928DDC2C8A8E3E0064A5BF /* Project object */ = {
			isa = PBXProject;
			attributes = {
				BuildIndependentTargetsInParallel = 1;
				LastSwiftUpdateCheck = 1540;
				LastUpgradeCheck = 1540;
				TargetAttributes = {
					DB928DE32C8A8E3E0064A5BF = {
						CreatedOnToolsVersion = 15.4;
					};
				};
			};
			buildConfigurationList = DB928DDF2C8A8E3E0064A5BF /* Build configuration list for PBXProject "Clip" */;
			compatibilityVersion = "Xcode 14.0";
			developmentRegion = en;
			hasScannedForEncodings = 0;
			knownRegions = (
				en,
				Base,
			);
			mainGroup = DB928DDB2C8A8E3E0064A5BF;
			packageReferences = (
				DB4EF82C2C8C163F00E3E6BA /* XCRemoteSwiftPackageReference "HotKey" */,
			);
			productRefGroup = DB928DE52C8A8E3E0064A5BF /* Products */;
			projectDirPath = "";
			projectRoot = "";
			targets = (
				DB928DE32C8A8E3E0064A5BF /* Clip */,
			);
		};
/* End PBXProject section */

/* Begin PBXResourcesBuildPhase section */
		DB928DE22C8A8E3E0064A5BF /* Resources */ = {
			isa = PBXResourcesBuildPhase;
			buildActionMask = 2147483647;
			files = (
				DB928DF12C8A8E400064A5BF /* Preview Assets.xcassets in Resources */,
				DB928DEE2C8A8E400064A5BF /* Assets.xcassets in Resources */,
			);
			runOnlyForDeploymentPostprocessing = 0;
		};
/* End PBXResourcesBuildPhase section */

/* Begin PBXSourcesBuildPhase section */
		DB928DE02C8A8E3E0064A5BF /* Sources */ = {
			isa = PBXSourcesBuildPhase;
			buildActionMask = 2147483647;
			files = (
				DB4EF8252C8C0A4200E3E6BA /* ImageProcessing.swift in Sources */,
				DB4EF82B2C8C0E6900E3E6BA /* ClipboardItemView.swift in Sources */,
				DB928DEA2C8A8E3E0064A5BF /* ContentView.swift in Sources */,
				DB6BA3272C8A938B007EC50B /* settingsView.swift in Sources */,
				DB928DEC2C8A8E3E0064A5BF /* Item.swift in Sources */,
				DB4EF8302C8C185500E3E6BA /* HotKeyManager.swift in Sources */,
				DB928DE82C8A8E3E0064A5BF /* ClipApp.swift in Sources */,
				DB4EF8292C8C0E5500E3E6BA /* ClipboardItem.swift in Sources */,
			);
			runOnlyForDeploymentPostprocessing = 0;
		};
/* End PBXSourcesBuildPhase section */

/* Begin XCBuildConfiguration section */
		DB928E092C8A8E400064A5BF /* Debug */ = {
			isa = XCBuildConfiguration;
			buildSettings = {
				ALWAYS_SEARCH_USER_PATHS = NO;
				ASSETCATALOG_COMPILER_GENERATE_SWIFT_ASSET_SYMBOL_EXTENSIONS = YES;
				CLANG_ANALYZER_NONNULL = YES;
				CLANG_ANALYZER_NUMBER_OBJECT_CONVERSION = YES_AGGRESSIVE;
				CLANG_CXX_LANGUAGE_STANDARD = "gnu++20";
				CLANG_ENABLE_MODULES = YES;
				CLANG_ENABLE_OBJC_ARC = YES;
				CLANG_ENABLE_OBJC_WEAK = YES;
				CLANG_WARN_BLOCK_CAPTURE_AUTORELEASING = YES;
				CLANG_WARN_BOOL_CONVERSION = YES;
				CLANG_WARN_COMMA = YES;
				CLANG_WARN_CONSTANT_CONVERSION = YES;
				CLANG_WARN_DEPRECATED_OBJC_IMPLEMENTATIONS = YES;
				CLANG_WARN_DIRECT_OBJC_ISA_USAGE = YES_ERROR;
				CLANG_WARN_DOCUMENTATION_COMMENTS = YES;
				CLANG_WARN_EMPTY_BODY = YES;
				CLANG_WARN_ENUM_CONVERSION = YES;
				CLANG_WARN_INFINITE_RECURSION = YES;
				CLANG_WARN_INT_CONVERSION = YES;
				CLANG_WARN_NON_LITERAL_NULL_CONVERSION = YES;
				CLANG_WARN_OBJC_IMPLICIT_RETAIN_SELF = YES;
				CLANG_WARN_OBJC_LITERAL_CONVERSION = YES;
				CLANG_WARN_OBJC_ROOT_CLASS = YES_ERROR;
				CLANG_WARN_QUOTED_INCLUDE_IN_FRAMEWORK_HEADER = YES;
				CLANG_WARN_RANGE_LOOP_ANALYSIS = YES;
				CLANG_WARN_STRICT_PROTOTYPES = YES;
				CLANG_WARN_SUSPICIOUS_MOVE = YES;
				CLANG_WARN_UNGUARDED_AVAILABILITY = YES_AGGRESSIVE;
				CLANG_WARN_UNREACHABLE_CODE = YES;
				CLANG_WARN__DUPLICATE_METHOD_MATCH = YES;
				COPY_PHASE_STRIP = NO;
				DEBUG_INFORMATION_FORMAT = dwarf;
				ENABLE_STRICT_OBJC_MSGSEND = YES;
				ENABLE_TESTABILITY = YES;
				ENABLE_USER_SCRIPT_SANDBOXING = YES;
				GCC_C_LANGUAGE_STANDARD = gnu17;
				GCC_DYNAMIC_NO_PIC = NO;
				GCC_NO_COMMON_BLOCKS = YES;
				GCC_OPTIMIZATION_LEVEL = 0;
				GCC_PREPROCESSOR_DEFINITIONS = (
					"DEBUG=1",
					"$(inherited)",
				);
				GCC_WARN_64_TO_32_BIT_CONVERSION = YES;
				GCC_WARN_ABOUT_RETURN_TYPE = YES_ERROR;
				GCC_WARN_UNDECLARED_SELECTOR = YES;
				GCC_WARN_UNINITIALIZED_AUTOS = YES_AGGRESSIVE;
				GCC_WARN_UNUSED_FUNCTION = YES;
				GCC_WARN_UNUSED_VARIABLE = YES;
				LOCALIZATION_PREFERS_STRING_CATALOGS = YES;
				MACOSX_DEPLOYMENT_TARGET = 14.1;
				MTL_ENABLE_DEBUG_INFO = INCLUDE_SOURCE;
				MTL_FAST_MATH = YES;
				ONLY_ACTIVE_ARCH = YES;
				SDKROOT = macosx;
				SWIFT_ACTIVE_COMPILATION_CONDITIONS = "DEBUG $(inherited)";
				SWIFT_OPTIMIZATION_LEVEL = "-Onone";
			};
			name = Debug;
		};
		DB928E0A2C8A8E400064A5BF /* Release */ = {
			isa = XCBuildConfiguration;
			buildSettings = {
				ALWAYS_SEARCH_USER_PATHS = NO;
				ASSETCATALOG_COMPILER_GENERATE_SWIFT_ASSET_SYMBOL_EXTENSIONS = YES;
				CLANG_ANALYZER_NONNULL = YES;
				CLANG_ANALYZER_NUMBER_OBJECT_CONVERSION = YES_AGGRESSIVE;
				CLANG_CXX_LANGUAGE_STANDARD = "gnu++20";
				CLANG_ENABLE_MODULES = YES;
				CLANG_ENABLE_OBJC_ARC = YES;
				CLANG_ENABLE_OBJC_WEAK = YES;
				CLANG_WARN_BLOCK_CAPTURE_AUTORELEASING = YES;
				CLANG_WARN_BOOL_CONVERSION = YES;
				CLANG_WARN_COMMA = YES;
				CLANG_WARN_CONSTANT_CONVERSION = YES;
				CLANG_WARN_DEPRECATED_OBJC_IMPLEMENTATIONS = YES;
				CLANG_WARN_DIRECT_OBJC_ISA_USAGE = YES_ERROR;
				CLANG_WARN_DOCUMENTATION_COMMENTS = YES;
				CLANG_WARN_EMPTY_BODY = YES;
				CLANG_WARN_ENUM_CONVERSION = YES;
				CLANG_WARN_INFINITE_RECURSION = YES;
				CLANG_WARN_INT_CONVERSION = YES;
				CLANG_WARN_NON_LITERAL_NULL_CONVERSION = YES;
				CLANG_WARN_OBJC_IMPLICIT_RETAIN_SELF = YES;
				CLANG_WARN_OBJC_LITERAL_CONVERSION = YES;
				CLANG_WARN_OBJC_ROOT_CLASS = YES_ERROR;
				CLANG_WARN_QUOTED_INCLUDE_IN_FRAMEWORK_HEADER = YES;
				CLANG_WARN_RANGE_LOOP_ANALYSIS = YES;
				CLANG_WARN_STRICT_PROTOTYPES = YES;
				CLANG_WARN_SUSPICIOUS_MOVE = YES;
				CLANG_WARN_UNGUARDED_AVAILABILITY = YES_AGGRESSIVE;
				CLANG_WARN_UNREACHABLE_CODE = YES;
				CLANG_WARN__DUPLICATE_METHOD_MATCH = YES;
				COPY_PHASE_STRIP = NO;
				DEBUG_INFORMATION_FORMAT = "dwarf-with-dsym";
				ENABLE_NS_ASSERTIONS = NO;
				ENABLE_STRICT_OBJC_MSGSEND = YES;
				ENABLE_USER_SCRIPT_SANDBOXING = YES;
				GCC_C_LANGUAGE_STANDARD = gnu17;
				GCC_NO_COMMON_BLOCKS = YES;
				GCC_WARN_64_TO_32_BIT_CONVERSION = YES;
				GCC_WARN_ABOUT_RETURN_TYPE = YES_ERROR;
				GCC_WARN_UNDECLARED_SELECTOR = YES;
				GCC_WARN_UNINITIALIZED_AUTOS = YES_AGGRESSIVE;
				GCC_WARN_UNUSED_FUNCTION = YES;
				GCC_WARN_UNUSED_VARIABLE = YES;
				LOCALIZATION_PREFERS_STRING_CATALOGS = YES;
				MACOSX_DEPLOYMENT_TARGET = 14.1;
				MTL_ENABLE_DEBUG_INFO = NO;
				MTL_FAST_MATH = YES;
				SDKROOT = macosx;
				SWIFT_COMPILATION_MODE = wholemodule;
			};
			name = Release;
		};
		DB928E0C2C8A8E400064A5BF /* Debug */ = {
			isa = XCBuildConfiguration;
			buildSettings = {
				ASSETCATALOG_COMPILER_APPICON_NAME = AppIcon;
				ASSETCATALOG_COMPILER_GLOBAL_ACCENT_COLOR_NAME = AccentColor;
				ASSETCATALOG_COMPILER_INCLUDE_ALL_APPICON_ASSETS = YES;
				CODE_SIGN_ENTITLEMENTS = Clip/Clip.entitlements;
				"CODE_SIGN_IDENTITY[sdk=macosx*]" = "Apple Development";
				CODE_SIGN_STYLE = Automatic;
				COMBINE_HIDPI_IMAGES = YES;
				CURRENT_PROJECT_VERSION = 0.1.0;
				DEVELOPMENT_ASSET_PATHS = "\"Clip/Preview Content\"";
				DEVELOPMENT_TEAM = YPZG7WYR87;
				ENABLE_HARDENED_RUNTIME = YES;
				ENABLE_PREVIEWS = YES;
				GENERATE_INFOPLIST_FILE = YES;
				INFOPLIST_KEY_LSApplicationCategoryType = "";
				INFOPLIST_KEY_NSHumanReadableCopyright = "";
				LD_RUNPATH_SEARCH_PATHS = (
					"$(inherited)",
					"@executable_path/../Frameworks",
				);
				MACOSX_DEPLOYMENT_TARGET = 14.0;
				MARKETING_VERSION = 0.1.0;
				PRODUCT_BUNDLE_IDENTIFIER = "-23.Clip";
				PRODUCT_NAME = "$(TARGET_NAME)";
				SWIFT_EMIT_LOC_STRINGS = YES;
				SWIFT_VERSION = 5.0;
			};
			name = Debug;
		};
		DB928E0D2C8A8E400064A5BF /* Release */ = {
			isa = XCBuildConfiguration;
			buildSettings = {
				ASSETCATALOG_COMPILER_APPICON_NAME = AppIcon;
				"ASSETCATALOG_COMPILER_APPICON_NAME[sdk=macosx*]" = AppIcon;
				ASSETCATALOG_COMPILER_GLOBAL_ACCENT_COLOR_NAME = AccentColor;
				ASSETCATALOG_COMPILER_INCLUDE_ALL_APPICON_ASSETS = YES;
				CODE_SIGN_ENTITLEMENTS = Clip/Clip.entitlements;
				"CODE_SIGN_IDENTITY[sdk=macosx*]" = "Apple Development";
				CODE_SIGN_STYLE = Automatic;
				COMBINE_HIDPI_IMAGES = YES;
				CURRENT_PROJECT_VERSION = 0.1.0;
				DEVELOPMENT_ASSET_PATHS = "\"Clip/Preview Content\"";
				DEVELOPMENT_TEAM = YPZG7WYR87;
				ENABLE_HARDENED_RUNTIME = YES;
				ENABLE_PREVIEWS = YES;
				GENERATE_INFOPLIST_FILE = YES;
				INFOPLIST_KEY_LSApplicationCategoryType = "";
				INFOPLIST_KEY_NSHumanReadableCopyright = "";
				LD_RUNPATH_SEARCH_PATHS = (
					"$(inherited)",
					"@executable_path/../Frameworks",
				);
				MACOSX_DEPLOYMENT_TARGET = 14.0;
				MARKETING_VERSION = 0.1.0;
				PRODUCT_BUNDLE_IDENTIFIER = "-23.Clip";
				PRODUCT_NAME = "$(TARGET_NAME)";
				SWIFT_EMIT_LOC_STRINGS = YES;
				SWIFT_VERSION = 5.0;
			};
			name = Release;
		};
/* End XCBuildConfiguration section */

/* Begin XCConfigurationList section */
		DB928DDF2C8A8E3E0064A5BF /* Build configuration list for PBXProject "Clip" */ = {
			isa = XCConfigurationList;
			buildConfigurations = (
				DB928E092C8A8E400064A5BF /* Debug */,
				DB928E0A2C8A8E400064A5BF /* Release */,
			);
			defaultConfigurationIsVisible = 0;
			defaultConfigurationName = Release;
		};
		DB928E0B2C8A8E400064A5BF /* Build configuration list for PBXNativeTarget "Clip" */ = {
			isa = XCConfigurationList;
			buildConfigurations = (
				DB928E0C2C8A8E400064A5BF /* Debug */,
				DB928E0D2C8A8E400064A5BF /* Release */,
			);
			defaultConfigurationIsVisible = 0;
			defaultConfigurationName = Release;
		};
/* End XCConfigurationList section */

/* Begin XCRemoteSwiftPackageReference section */
		DB4EF82C2C8C163F00E3E6BA /* XCRemoteSwiftPackageReference "HotKey" */ = {
			isa = XCRemoteSwiftPackageReference;
			repositoryURL = "https://github.com/soffes/HotKey";
			requirement = {
				branch = main;
				kind = branch;
			};
		};
/* End XCRemoteSwiftPackageReference section */

/* Begin XCSwiftPackageProductDependency section */
		DB4EF82D2C8C163F00E3E6BA /* HotKey */ = {
			isa = XCSwiftPackageProductDependency;
			package = DB4EF82C2C8C163F00E3E6BA /* XCRemoteSwiftPackageReference "HotKey" */;
			productName = HotKey;
		};
/* End XCSwiftPackageProductDependency section */
	};
	rootObject = DB928DDC2C8A8E3E0064A5BF /* Project object */;
}
